// !$*UTF8*$!
{
	archiveVersion = 1;
	classes = {
	};
	objectVersion = 50;
	objects = {

/* Begin PBXBuildFile section */
		2F2BEB982642BD5800EDBE28 /* Constants.swift in Sources */ = {isa = PBXBuildFile; fileRef = 2F2BEB972642BD5800EDBE28 /* Constants.swift */; };
		2F30AB19264E79C100D7E137 /* Feuerlib.framework in Frameworks */ = {isa = PBXBuildFile; fileRef = 2F30AB18264E79C100D7E137 /* Feuerlib.framework */; };
		2F30AB1A264E79C100D7E137 /* Feuerlib.framework in Embed Frameworks */ = {isa = PBXBuildFile; fileRef = 2F30AB18264E79C100D7E137 /* Feuerlib.framework */; settings = {ATTRIBUTES = (CodeSignOnCopy, RemoveHeadersOnCopy, ); }; };
		2F30AB25264E7A0E00D7E137 /* ShareViewController.swift in Sources */ = {isa = PBXBuildFile; fileRef = 2F30AB24264E7A0E00D7E137 /* ShareViewController.swift */; };
		2F30AB2C264E7A0E00D7E137 /* PicChallengeShare.appex in Embed App Extensions */ = {isa = PBXBuildFile; fileRef = 2F30AB22264E7A0E00D7E137 /* PicChallengeShare.appex */; settings = {ATTRIBUTES = (RemoveHeadersOnCopy, ); }; };
		2F357BFC264BE618009E6BDE /* ImagePicker.swift in Sources */ = {isa = PBXBuildFile; fileRef = 2F357BFB264BE618009E6BDE /* ImagePicker.swift */; };
		2F357C06264DEECA009E6BDE /* Pickable.swift in Sources */ = {isa = PBXBuildFile; fileRef = 2F357C05264DEECA009E6BDE /* Pickable.swift */; };
		2F7FFD87264A66D6008E54CF /* NavigationPage.swift in Sources */ = {isa = PBXBuildFile; fileRef = 2F7FFD86264A66D6008E54CF /* NavigationPage.swift */; };
		2F7FFD8C264A6815008E54CF /* MainView.swift in Sources */ = {isa = PBXBuildFile; fileRef = 2F7FFD8B264A6815008E54CF /* MainView.swift */; };
		2F7FFD94264A6A0E008E54CF /* ChallengeView.swift in Sources */ = {isa = PBXBuildFile; fileRef = 2F7FFD93264A6A0E008E54CF /* ChallengeView.swift */; };
		2F9AF9CA26540064005537EF /* App.swift in Sources */ = {isa = PBXBuildFile; fileRef = 2F9AF9C926540064005537EF /* App.swift */; };
		2F9AF9DB26540A63005537EF /* WinnerView.swift in Sources */ = {isa = PBXBuildFile; fileRef = 2F9AF9DA26540A63005537EF /* WinnerView.swift */; };
		2FB0AAF52650CA89009D7CD9 /* StagedPhoto.swift in Sources */ = {isa = PBXBuildFile; fileRef = 2FB0AAF42650CA89009D7CD9 /* StagedPhoto.swift */; };
		2FF4C5DB263FB0100039F90A /* PicChallengeApp.swift in Sources */ = {isa = PBXBuildFile; fileRef = 2FF4C5DA263FB0100039F90A /* PicChallengeApp.swift */; };
		2FF4C5DD263FB0100039F90A /* StagingView.swift in Sources */ = {isa = PBXBuildFile; fileRef = 2FF4C5DC263FB0100039F90A /* StagingView.swift */; };
		2FF4C5DF263FB0100039F90A /* Assets.xcassets in Resources */ = {isa = PBXBuildFile; fileRef = 2FF4C5DE263FB0100039F90A /* Assets.xcassets */; };
		2FF4C5E2263FB0100039F90A /* Preview Assets.xcassets in Resources */ = {isa = PBXBuildFile; fileRef = 2FF4C5E1263FB0100039F90A /* Preview Assets.xcassets */; };
		2FF4C5ED263FB0100039F90A /* PicChallengeTests.swift in Sources */ = {isa = PBXBuildFile; fileRef = 2FF4C5EC263FB0100039F90A /* PicChallengeTests.swift */; };
		2FF4C5F8263FB0110039F90A /* PicChallengeUITests.swift in Sources */ = {isa = PBXBuildFile; fileRef = 2FF4C5F7263FB0110039F90A /* PicChallengeUITests.swift */; };
		52179E44641C254320A2962A /* Pods_PicChallengeTests.framework in Frameworks */ = {isa = PBXBuildFile; fileRef = D81828B851F1ACD4AE2A939C /* Pods_PicChallengeTests.framework */; };
		8F175070A0EA150638CF901D /* Pods_PicChallenge_PicChallengeUITests.framework in Frameworks */ = {isa = PBXBuildFile; fileRef = 0FF3209529BC8C2C328340DA /* Pods_PicChallenge_PicChallengeUITests.framework */; };
		B03346BD90B757BCB7E91B7E /* Pods_PicChallenge.framework in Frameworks */ = {isa = PBXBuildFile; fileRef = 71203C797AFC7B236DFCD411 /* Pods_PicChallenge.framework */; };
/* End PBXBuildFile section */

/* Begin PBXContainerItemProxy section */
		2F30AB2A264E7A0E00D7E137 /* PBXContainerItemProxy */ = {
			isa = PBXContainerItemProxy;
			containerPortal = 2FF4C5CF263FB0100039F90A /* Project object */;
			proxyType = 1;
			remoteGlobalIDString = 2F30AB21264E7A0E00D7E137;
			remoteInfo = PicChallengeShare;
		};
		2FF4C5E9263FB0100039F90A /* PBXContainerItemProxy */ = {
			isa = PBXContainerItemProxy;
			containerPortal = 2FF4C5CF263FB0100039F90A /* Project object */;
			proxyType = 1;
			remoteGlobalIDString = 2FF4C5D6263FB0100039F90A;
			remoteInfo = PicChallenge;
		};
		2FF4C5F4263FB0110039F90A /* PBXContainerItemProxy */ = {
			isa = PBXContainerItemProxy;
			containerPortal = 2FF4C5CF263FB0100039F90A /* Project object */;
			proxyType = 1;
			remoteGlobalIDString = 2FF4C5D6263FB0100039F90A;
			remoteInfo = PicChallenge;
		};
/* End PBXContainerItemProxy section */

/* Begin PBXCopyFilesBuildPhase section */
		2F30AB1B264E79C200D7E137 /* Embed Frameworks */ = {
			isa = PBXCopyFilesBuildPhase;
			buildActionMask = 2147483647;
			dstPath = "";
			dstSubfolderSpec = 10;
			files = (
				2F30AB1A264E79C100D7E137 /* Feuerlib.framework in Embed Frameworks */,
			);
			name = "Embed Frameworks";
			runOnlyForDeploymentPostprocessing = 0;
		};
		2F30AB30264E7A0E00D7E137 /* Embed App Extensions */ = {
			isa = PBXCopyFilesBuildPhase;
			buildActionMask = 2147483647;
			dstPath = "";
			dstSubfolderSpec = 13;
			files = (
				2F30AB2C264E7A0E00D7E137 /* PicChallengeShare.appex in Embed App Extensions */,
			);
			name = "Embed App Extensions";
			runOnlyForDeploymentPostprocessing = 0;
		};
/* End PBXCopyFilesBuildPhase section */

/* Begin PBXFileReference section */
		0FF3209529BC8C2C328340DA /* Pods_PicChallenge_PicChallengeUITests.framework */ = {isa = PBXFileReference; explicitFileType = wrapper.framework; includeInIndex = 0; path = Pods_PicChallenge_PicChallengeUITests.framework; sourceTree = BUILT_PRODUCTS_DIR; };
		2F2BEB972642BD5800EDBE28 /* Constants.swift */ = {isa = PBXFileReference; lastKnownFileType = sourcecode.swift; path = Constants.swift; sourceTree = "<group>"; };
		2F30AB18264E79C100D7E137 /* Feuerlib.framework */ = {isa = PBXFileReference; explicitFileType = wrapper.framework; path = Feuerlib.framework; sourceTree = BUILT_PRODUCTS_DIR; };
		2F30AB22264E7A0E00D7E137 /* PicChallengeShare.appex */ = {isa = PBXFileReference; explicitFileType = "wrapper.app-extension"; includeInIndex = 0; path = PicChallengeShare.appex; sourceTree = BUILT_PRODUCTS_DIR; };
		2F30AB24264E7A0E00D7E137 /* ShareViewController.swift */ = {isa = PBXFileReference; lastKnownFileType = sourcecode.swift; path = ShareViewController.swift; sourceTree = "<group>"; };
		2F30AB29264E7A0E00D7E137 /* Info.plist */ = {isa = PBXFileReference; lastKnownFileType = text.plist.xml; path = Info.plist; sourceTree = "<group>"; };
		2F30AB42264E7C2700D7E137 /* PicChallenge.entitlements */ = {isa = PBXFileReference; lastKnownFileType = text.plist.entitlements; path = PicChallenge.entitlements; sourceTree = "<group>"; };
		2F30AB49264E873800D7E137 /* PicChallengeShare.entitlements */ = {isa = PBXFileReference; lastKnownFileType = text.plist.entitlements; path = PicChallengeShare.entitlements; sourceTree = "<group>"; };
		2F357BFB264BE618009E6BDE /* ImagePicker.swift */ = {isa = PBXFileReference; lastKnownFileType = sourcecode.swift; path = ImagePicker.swift; sourceTree = "<group>"; };
		2F357C05264DEECA009E6BDE /* Pickable.swift */ = {isa = PBXFileReference; lastKnownFileType = sourcecode.swift; path = Pickable.swift; sourceTree = "<group>"; };
		2F7FFD86264A66D6008E54CF /* NavigationPage.swift */ = {isa = PBXFileReference; lastKnownFileType = sourcecode.swift; path = NavigationPage.swift; sourceTree = "<group>"; };
		2F7FFD8B264A6815008E54CF /* MainView.swift */ = {isa = PBXFileReference; lastKnownFileType = sourcecode.swift; path = MainView.swift; sourceTree = "<group>"; };
		2F7FFD93264A6A0E008E54CF /* ChallengeView.swift */ = {isa = PBXFileReference; lastKnownFileType = sourcecode.swift; path = ChallengeView.swift; sourceTree = "<group>"; };
		2F9AF9C926540064005537EF /* App.swift */ = {isa = PBXFileReference; lastKnownFileType = sourcecode.swift; path = App.swift; sourceTree = "<group>"; };
		2F9AF9DA26540A63005537EF /* WinnerView.swift */ = {isa = PBXFileReference; lastKnownFileType = sourcecode.swift; path = WinnerView.swift; sourceTree = "<group>"; };
		2FB0AAF42650CA89009D7CD9 /* StagedPhoto.swift */ = {isa = PBXFileReference; lastKnownFileType = sourcecode.swift; path = StagedPhoto.swift; sourceTree = "<group>"; };
		2FF4C5D7263FB0100039F90A /* PicChallenge.app */ = {isa = PBXFileReference; explicitFileType = wrapper.application; includeInIndex = 0; path = PicChallenge.app; sourceTree = BUILT_PRODUCTS_DIR; };
		2FF4C5DA263FB0100039F90A /* PicChallengeApp.swift */ = {isa = PBXFileReference; lastKnownFileType = sourcecode.swift; path = PicChallengeApp.swift; sourceTree = "<group>"; };
		2FF4C5DC263FB0100039F90A /* StagingView.swift */ = {isa = PBXFileReference; lastKnownFileType = sourcecode.swift; path = StagingView.swift; sourceTree = "<group>"; };
		2FF4C5DE263FB0100039F90A /* Assets.xcassets */ = {isa = PBXFileReference; lastKnownFileType = folder.assetcatalog; path = Assets.xcassets; sourceTree = "<group>"; };
		2FF4C5E1263FB0100039F90A /* Preview Assets.xcassets */ = {isa = PBXFileReference; lastKnownFileType = folder.assetcatalog; path = "Preview Assets.xcassets"; sourceTree = "<group>"; };
		2FF4C5E3263FB0100039F90A /* Info.plist */ = {isa = PBXFileReference; lastKnownFileType = text.plist.xml; path = Info.plist; sourceTree = "<group>"; };
		2FF4C5E8263FB0100039F90A /* PicChallengeTests.xctest */ = {isa = PBXFileReference; explicitFileType = wrapper.cfbundle; includeInIndex = 0; path = PicChallengeTests.xctest; sourceTree = BUILT_PRODUCTS_DIR; };
		2FF4C5EC263FB0100039F90A /* PicChallengeTests.swift */ = {isa = PBXFileReference; lastKnownFileType = sourcecode.swift; path = PicChallengeTests.swift; sourceTree = "<group>"; };
		2FF4C5EE263FB0100039F90A /* Info.plist */ = {isa = PBXFileReference; lastKnownFileType = text.plist.xml; path = Info.plist; sourceTree = "<group>"; };
		2FF4C5F3263FB0110039F90A /* PicChallengeUITests.xctest */ = {isa = PBXFileReference; explicitFileType = wrapper.cfbundle; includeInIndex = 0; path = PicChallengeUITests.xctest; sourceTree = BUILT_PRODUCTS_DIR; };
		2FF4C5F7263FB0110039F90A /* PicChallengeUITests.swift */ = {isa = PBXFileReference; lastKnownFileType = sourcecode.swift; path = PicChallengeUITests.swift; sourceTree = "<group>"; };
		2FF4C5F9263FB0110039F90A /* Info.plist */ = {isa = PBXFileReference; lastKnownFileType = text.plist.xml; path = Info.plist; sourceTree = "<group>"; };
		384302F3B2BBBAA32C88AF51 /* Pods-PicChallenge.debug.xcconfig */ = {isa = PBXFileReference; includeInIndex = 1; lastKnownFileType = text.xcconfig; name = "Pods-PicChallenge.debug.xcconfig"; path = "Target Support Files/Pods-PicChallenge/Pods-PicChallenge.debug.xcconfig"; sourceTree = "<group>"; };
		45BE53DE06D26C54B332106E /* Pods-PicChallengeTests.release.xcconfig */ = {isa = PBXFileReference; includeInIndex = 1; lastKnownFileType = text.xcconfig; name = "Pods-PicChallengeTests.release.xcconfig"; path = "Target Support Files/Pods-PicChallengeTests/Pods-PicChallengeTests.release.xcconfig"; sourceTree = "<group>"; };
		50E3D00C0606C45555DC02BA /* Pods-PicChallenge-PicChallengeUITests.release.xcconfig */ = {isa = PBXFileReference; includeInIndex = 1; lastKnownFileType = text.xcconfig; name = "Pods-PicChallenge-PicChallengeUITests.release.xcconfig"; path = "Target Support Files/Pods-PicChallenge-PicChallengeUITests/Pods-PicChallenge-PicChallengeUITests.release.xcconfig"; sourceTree = "<group>"; };
		71203C797AFC7B236DFCD411 /* Pods_PicChallenge.framework */ = {isa = PBXFileReference; explicitFileType = wrapper.framework; includeInIndex = 0; path = Pods_PicChallenge.framework; sourceTree = BUILT_PRODUCTS_DIR; };
		846BCE2AA5F89B0F1073FD82 /* Pods-PicChallenge.release.xcconfig */ = {isa = PBXFileReference; includeInIndex = 1; lastKnownFileType = text.xcconfig; name = "Pods-PicChallenge.release.xcconfig"; path = "Target Support Files/Pods-PicChallenge/Pods-PicChallenge.release.xcconfig"; sourceTree = "<group>"; };
		A065B8E7B55C75DF11ADF227 /* Pods-PicChallengeTests.debug.xcconfig */ = {isa = PBXFileReference; includeInIndex = 1; lastKnownFileType = text.xcconfig; name = "Pods-PicChallengeTests.debug.xcconfig"; path = "Target Support Files/Pods-PicChallengeTests/Pods-PicChallengeTests.debug.xcconfig"; sourceTree = "<group>"; };
		D81828B851F1ACD4AE2A939C /* Pods_PicChallengeTests.framework */ = {isa = PBXFileReference; explicitFileType = wrapper.framework; includeInIndex = 0; path = Pods_PicChallengeTests.framework; sourceTree = BUILT_PRODUCTS_DIR; };
		DF3ADE57783E60056834D0B3 /* Pods-PicChallenge-PicChallengeUITests.debug.xcconfig */ = {isa = PBXFileReference; includeInIndex = 1; lastKnownFileType = text.xcconfig; name = "Pods-PicChallenge-PicChallengeUITests.debug.xcconfig"; path = "Target Support Files/Pods-PicChallenge-PicChallengeUITests/Pods-PicChallenge-PicChallengeUITests.debug.xcconfig"; sourceTree = "<group>"; };
/* End PBXFileReference section */

/* Begin PBXFrameworksBuildPhase section */
		2F30AB1F264E7A0E00D7E137 /* Frameworks */ = {
			isa = PBXFrameworksBuildPhase;
			buildActionMask = 2147483647;
			files = (
			);
			runOnlyForDeploymentPostprocessing = 0;
		};
		2FF4C5D4263FB0100039F90A /* Frameworks */ = {
			isa = PBXFrameworksBuildPhase;
			buildActionMask = 2147483647;
			files = (
				2F30AB19264E79C100D7E137 /* Feuerlib.framework in Frameworks */,
				B03346BD90B757BCB7E91B7E /* Pods_PicChallenge.framework in Frameworks */,
			);
			runOnlyForDeploymentPostprocessing = 0;
		};
		2FF4C5E5263FB0100039F90A /* Frameworks */ = {
			isa = PBXFrameworksBuildPhase;
			buildActionMask = 2147483647;
			files = (
				52179E44641C254320A2962A /* Pods_PicChallengeTests.framework in Frameworks */,
			);
			runOnlyForDeploymentPostprocessing = 0;
		};
		2FF4C5F0263FB0110039F90A /* Frameworks */ = {
			isa = PBXFrameworksBuildPhase;
			buildActionMask = 2147483647;
			files = (
				8F175070A0EA150638CF901D /* Pods_PicChallenge_PicChallengeUITests.framework in Frameworks */,
			);
			runOnlyForDeploymentPostprocessing = 0;
		};
/* End PBXFrameworksBuildPhase section */

/* Begin PBXGroup section */
		0BA84997ACBD0D29F28EFB45 /* Pods */ = {
			isa = PBXGroup;
			children = (
				384302F3B2BBBAA32C88AF51 /* Pods-PicChallenge.debug.xcconfig */,
				846BCE2AA5F89B0F1073FD82 /* Pods-PicChallenge.release.xcconfig */,
				DF3ADE57783E60056834D0B3 /* Pods-PicChallenge-PicChallengeUITests.debug.xcconfig */,
				50E3D00C0606C45555DC02BA /* Pods-PicChallenge-PicChallengeUITests.release.xcconfig */,
				A065B8E7B55C75DF11ADF227 /* Pods-PicChallengeTests.debug.xcconfig */,
				45BE53DE06D26C54B332106E /* Pods-PicChallengeTests.release.xcconfig */,
			);
			path = Pods;
			sourceTree = "<group>";
		};
		2F30AB23264E7A0E00D7E137 /* PicChallengeShare */ = {
			isa = PBXGroup;
			children = (
				2F30AB49264E873800D7E137 /* PicChallengeShare.entitlements */,
				2F30AB24264E7A0E00D7E137 /* ShareViewController.swift */,
				2F30AB29264E7A0E00D7E137 /* Info.plist */,
			);
			path = PicChallengeShare;
			sourceTree = "<group>";
		};
		2F5147862648158C000B0A2A /* Main */ = {
			isa = PBXGroup;
			children = (
				2F30AB42264E7C2700D7E137 /* PicChallenge.entitlements */,
				2FF4C5E3263FB0100039F90A /* Info.plist */,
				2FF4C5DE263FB0100039F90A /* Assets.xcassets */,
				2FF4C5DA263FB0100039F90A /* PicChallengeApp.swift */,
				2F2BEB972642BD5800EDBE28 /* Constants.swift */,
			);
			path = Main;
			sourceTree = "<group>";
		};
		2F51478726481594000B0A2A /* Model */ = {
			isa = PBXGroup;
			children = (
				2F7FFD86264A66D6008E54CF /* NavigationPage.swift */,
				2F357C05264DEECA009E6BDE /* Pickable.swift */,
				2FB0AAF42650CA89009D7CD9 /* StagedPhoto.swift */,
			);
			path = Model;
			sourceTree = "<group>";
		};
		2F51478826481599000B0A2A /* ViewModel */ = {
			isa = PBXGroup;
			children = (
				2F9AF9C926540064005537EF /* App.swift */,
			);
			path = ViewModel;
			sourceTree = "<group>";
		};
		2F5147892648159F000B0A2A /* View */ = {
			isa = PBXGroup;
			children = (
				2F7FFD8B264A6815008E54CF /* MainView.swift */,
				2FF4C5DC263FB0100039F90A /* StagingView.swift */,
				2F7FFD93264A6A0E008E54CF /* ChallengeView.swift */,
				2F357BFB264BE618009E6BDE /* ImagePicker.swift */,
				2F9AF9DA26540A63005537EF /* WinnerView.swift */,
			);
			path = View;
			sourceTree = "<group>";
		};
		2FF4C5CE263FB0100039F90A = {
			isa = PBXGroup;
			children = (
				2FF4C5D9263FB0100039F90A /* PicChallenge */,
				2FF4C5EB263FB0100039F90A /* PicChallengeTests */,
				2FF4C5F6263FB0110039F90A /* PicChallengeUITests */,
				2F30AB23264E7A0E00D7E137 /* PicChallengeShare */,
				2FF4C5D8263FB0100039F90A /* Products */,
				0BA84997ACBD0D29F28EFB45 /* Pods */,
				9CAD103383A6AB51763383A6 /* Frameworks */,
			);
			sourceTree = "<group>";
		};
		2FF4C5D8263FB0100039F90A /* Products */ = {
			isa = PBXGroup;
			children = (
				2FF4C5D7263FB0100039F90A /* PicChallenge.app */,
				2FF4C5E8263FB0100039F90A /* PicChallengeTests.xctest */,
				2FF4C5F3263FB0110039F90A /* PicChallengeUITests.xctest */,
				2F30AB22264E7A0E00D7E137 /* PicChallengeShare.appex */,
			);
			name = Products;
			sourceTree = "<group>";
		};
		2FF4C5D9263FB0100039F90A /* PicChallenge */ = {
			isa = PBXGroup;
			children = (
				2F5147892648159F000B0A2A /* View */,
				2F51478826481599000B0A2A /* ViewModel */,
				2F51478726481594000B0A2A /* Model */,
				2F5147862648158C000B0A2A /* Main */,
				2FF4C5E0263FB0100039F90A /* Preview Content */,
			);
			path = PicChallenge;
			sourceTree = "<group>";
		};
		2FF4C5E0263FB0100039F90A /* Preview Content */ = {
			isa = PBXGroup;
			children = (
				2FF4C5E1263FB0100039F90A /* Preview Assets.xcassets */,
			);
			path = "Preview Content";
			sourceTree = "<group>";
		};
		2FF4C5EB263FB0100039F90A /* PicChallengeTests */ = {
			isa = PBXGroup;
			children = (
				2FF4C5EC263FB0100039F90A /* PicChallengeTests.swift */,
				2FF4C5EE263FB0100039F90A /* Info.plist */,
			);
			path = PicChallengeTests;
			sourceTree = "<group>";
		};
		2FF4C5F6263FB0110039F90A /* PicChallengeUITests */ = {
			isa = PBXGroup;
			children = (
				2FF4C5F7263FB0110039F90A /* PicChallengeUITests.swift */,
				2FF4C5F9263FB0110039F90A /* Info.plist */,
			);
			path = PicChallengeUITests;
			sourceTree = "<group>";
		};
		9CAD103383A6AB51763383A6 /* Frameworks */ = {
			isa = PBXGroup;
			children = (
				2F30AB18264E79C100D7E137 /* Feuerlib.framework */,
				71203C797AFC7B236DFCD411 /* Pods_PicChallenge.framework */,
				0FF3209529BC8C2C328340DA /* Pods_PicChallenge_PicChallengeUITests.framework */,
				D81828B851F1ACD4AE2A939C /* Pods_PicChallengeTests.framework */,
			);
			name = Frameworks;
			sourceTree = "<group>";
		};
/* End PBXGroup section */

/* Begin PBXNativeTarget section */
		2F30AB21264E7A0E00D7E137 /* PicChallengeShare */ = {
			isa = PBXNativeTarget;
			buildConfigurationList = 2F30AB2D264E7A0E00D7E137 /* Build configuration list for PBXNativeTarget "PicChallengeShare" */;
			buildPhases = (
				2F30AB1E264E7A0E00D7E137 /* Sources */,
				2F30AB1F264E7A0E00D7E137 /* Frameworks */,
				2F30AB20264E7A0E00D7E137 /* Resources */,
			);
			buildRules = (
			);
			dependencies = (
			);
			name = PicChallengeShare;
			productName = PicChallengeShare;
			productReference = 2F30AB22264E7A0E00D7E137 /* PicChallengeShare.appex */;
			productType = "com.apple.product-type.app-extension";
		};
		2FF4C5D6263FB0100039F90A /* PicChallenge */ = {
			isa = PBXNativeTarget;
			buildConfigurationList = 2FF4C5FC263FB0110039F90A /* Build configuration list for PBXNativeTarget "PicChallenge" */;
			buildPhases = (
				370FB638604B2C010C56C092 /* [CP] Check Pods Manifest.lock */,
				2FF4C5D3263FB0100039F90A /* Sources */,
				2FF4C5D4263FB0100039F90A /* Frameworks */,
				2FF4C5D5263FB0100039F90A /* Resources */,
				2F30AB1B264E79C200D7E137 /* Embed Frameworks */,
				2F30AB30264E7A0E00D7E137 /* Embed App Extensions */,
			);
			buildRules = (
			);
			dependencies = (
				2F30AB2B264E7A0E00D7E137 /* PBXTargetDependency */,
			);
			name = PicChallenge;
			productName = PicChallenge;
			productReference = 2FF4C5D7263FB0100039F90A /* PicChallenge.app */;
			productType = "com.apple.product-type.application";
		};
		2FF4C5E7263FB0100039F90A /* PicChallengeTests */ = {
			isa = PBXNativeTarget;
			buildConfigurationList = 2FF4C5FF263FB0110039F90A /* Build configuration list for PBXNativeTarget "PicChallengeTests" */;
			buildPhases = (
				0F8E23D88DB813281E291840 /* [CP] Check Pods Manifest.lock */,
				2FF4C5E4263FB0100039F90A /* Sources */,
				2FF4C5E5263FB0100039F90A /* Frameworks */,
				2FF4C5E6263FB0100039F90A /* Resources */,
			);
			buildRules = (
			);
			dependencies = (
				2FF4C5EA263FB0100039F90A /* PBXTargetDependency */,
			);
			name = PicChallengeTests;
			productName = PicChallengeTests;
			productReference = 2FF4C5E8263FB0100039F90A /* PicChallengeTests.xctest */;
			productType = "com.apple.product-type.bundle.unit-test";
		};
		2FF4C5F2263FB0110039F90A /* PicChallengeUITests */ = {
			isa = PBXNativeTarget;
			buildConfigurationList = 2FF4C602263FB0110039F90A /* Build configuration list for PBXNativeTarget "PicChallengeUITests" */;
			buildPhases = (
				BFF5CE09D9605EA5C6AE1D95 /* [CP] Check Pods Manifest.lock */,
				2FF4C5EF263FB0110039F90A /* Sources */,
				2FF4C5F0263FB0110039F90A /* Frameworks */,
				2FF4C5F1263FB0110039F90A /* Resources */,
			);
			buildRules = (
			);
			dependencies = (
				2FF4C5F5263FB0110039F90A /* PBXTargetDependency */,
			);
			name = PicChallengeUITests;
			productName = PicChallengeUITests;
			productReference = 2FF4C5F3263FB0110039F90A /* PicChallengeUITests.xctest */;
			productType = "com.apple.product-type.bundle.ui-testing";
		};
/* End PBXNativeTarget section */

/* Begin PBXProject section */
		2FF4C5CF263FB0100039F90A /* Project object */ = {
			isa = PBXProject;
			attributes = {
				LastSwiftUpdateCheck = 1240;
				LastUpgradeCheck = 1240;
				TargetAttributes = {
					2F30AB21264E7A0E00D7E137 = {
						CreatedOnToolsVersion = 12.4;
					};
					2FF4C5D6263FB0100039F90A = {
						CreatedOnToolsVersion = 12.4;
					};
					2FF4C5E7263FB0100039F90A = {
						CreatedOnToolsVersion = 12.4;
						TestTargetID = 2FF4C5D6263FB0100039F90A;
					};
					2FF4C5F2263FB0110039F90A = {
						CreatedOnToolsVersion = 12.4;
						TestTargetID = 2FF4C5D6263FB0100039F90A;
					};
				};
			};
			buildConfigurationList = 2FF4C5D2263FB0100039F90A /* Build configuration list for PBXProject "PicChallenge" */;
			compatibilityVersion = "Xcode 9.3";
			developmentRegion = en;
			hasScannedForEncodings = 0;
			knownRegions = (
				en,
				Base,
			);
			mainGroup = 2FF4C5CE263FB0100039F90A;
			productRefGroup = 2FF4C5D8263FB0100039F90A /* Products */;
			projectDirPath = "";
			projectRoot = "";
			targets = (
				2FF4C5D6263FB0100039F90A /* PicChallenge */,
				2FF4C5E7263FB0100039F90A /* PicChallengeTests */,
				2FF4C5F2263FB0110039F90A /* PicChallengeUITests */,
				2F30AB21264E7A0E00D7E137 /* PicChallengeShare */,
			);
		};
/* End PBXProject section */

/* Begin PBXResourcesBuildPhase section */
		2F30AB20264E7A0E00D7E137 /* Resources */ = {
			isa = PBXResourcesBuildPhase;
			buildActionMask = 2147483647;
			files = (
			);
			runOnlyForDeploymentPostprocessing = 0;
		};
		2FF4C5D5263FB0100039F90A /* Resources */ = {
			isa = PBXResourcesBuildPhase;
			buildActionMask = 2147483647;
			files = (
				2FF4C5E2263FB0100039F90A /* Preview Assets.xcassets in Resources */,
				2FF4C5DF263FB0100039F90A /* Assets.xcassets in Resources */,
			);
			runOnlyForDeploymentPostprocessing = 0;
		};
		2FF4C5E6263FB0100039F90A /* Resources */ = {
			isa = PBXResourcesBuildPhase;
			buildActionMask = 2147483647;
			files = (
			);
			runOnlyForDeploymentPostprocessing = 0;
		};
		2FF4C5F1263FB0110039F90A /* Resources */ = {
			isa = PBXResourcesBuildPhase;
			buildActionMask = 2147483647;
			files = (
			);
			runOnlyForDeploymentPostprocessing = 0;
		};
/* End PBXResourcesBuildPhase section */

/* Begin PBXShellScriptBuildPhase section */
		0F8E23D88DB813281E291840 /* [CP] Check Pods Manifest.lock */ = {
			isa = PBXShellScriptBuildPhase;
			buildActionMask = 2147483647;
			files = (
			);
			inputFileListPaths = (
			);
			inputPaths = (
				"${PODS_PODFILE_DIR_PATH}/Podfile.lock",
				"${PODS_ROOT}/Manifest.lock",
			);
			name = "[CP] Check Pods Manifest.lock";
			outputFileListPaths = (
			);
			outputPaths = (
				"$(DERIVED_FILE_DIR)/Pods-PicChallengeTests-checkManifestLockResult.txt",
			);
			runOnlyForDeploymentPostprocessing = 0;
			shellPath = /bin/sh;
			shellScript = "diff \"${PODS_PODFILE_DIR_PATH}/Podfile.lock\" \"${PODS_ROOT}/Manifest.lock\" > /dev/null\nif [ $? != 0 ] ; then\n    # print error to STDERR\n    echo \"error: The sandbox is not in sync with the Podfile.lock. Run 'pod install' or update your CocoaPods installation.\" >&2\n    exit 1\nfi\n# This output is used by Xcode 'outputs' to avoid re-running this script phase.\necho \"SUCCESS\" > \"${SCRIPT_OUTPUT_FILE_0}\"\n";
			showEnvVarsInLog = 0;
		};
		370FB638604B2C010C56C092 /* [CP] Check Pods Manifest.lock */ = {
			isa = PBXShellScriptBuildPhase;
			buildActionMask = 2147483647;
			files = (
			);
			inputFileListPaths = (
			);
			inputPaths = (
				"${PODS_PODFILE_DIR_PATH}/Podfile.lock",
				"${PODS_ROOT}/Manifest.lock",
			);
			name = "[CP] Check Pods Manifest.lock";
			outputFileListPaths = (
			);
			outputPaths = (
				"$(DERIVED_FILE_DIR)/Pods-PicChallenge-checkManifestLockResult.txt",
			);
			runOnlyForDeploymentPostprocessing = 0;
			shellPath = /bin/sh;
			shellScript = "diff \"${PODS_PODFILE_DIR_PATH}/Podfile.lock\" \"${PODS_ROOT}/Manifest.lock\" > /dev/null\nif [ $? != 0 ] ; then\n    # print error to STDERR\n    echo \"error: The sandbox is not in sync with the Podfile.lock. Run 'pod install' or update your CocoaPods installation.\" >&2\n    exit 1\nfi\n# This output is used by Xcode 'outputs' to avoid re-running this script phase.\necho \"SUCCESS\" > \"${SCRIPT_OUTPUT_FILE_0}\"\n";
			showEnvVarsInLog = 0;
		};
		BFF5CE09D9605EA5C6AE1D95 /* [CP] Check Pods Manifest.lock */ = {
			isa = PBXShellScriptBuildPhase;
			buildActionMask = 2147483647;
			files = (
			);
			inputFileListPaths = (
			);
			inputPaths = (
				"${PODS_PODFILE_DIR_PATH}/Podfile.lock",
				"${PODS_ROOT}/Manifest.lock",
			);
			name = "[CP] Check Pods Manifest.lock";
			outputFileListPaths = (
			);
			outputPaths = (
				"$(DERIVED_FILE_DIR)/Pods-PicChallenge-PicChallengeUITests-checkManifestLockResult.txt",
			);
			runOnlyForDeploymentPostprocessing = 0;
			shellPath = /bin/sh;
			shellScript = "diff \"${PODS_PODFILE_DIR_PATH}/Podfile.lock\" \"${PODS_ROOT}/Manifest.lock\" > /dev/null\nif [ $? != 0 ] ; then\n    # print error to STDERR\n    echo \"error: The sandbox is not in sync with the Podfile.lock. Run 'pod install' or update your CocoaPods installation.\" >&2\n    exit 1\nfi\n# This output is used by Xcode 'outputs' to avoid re-running this script phase.\necho \"SUCCESS\" > \"${SCRIPT_OUTPUT_FILE_0}\"\n";
			showEnvVarsInLog = 0;
		};
/* End PBXShellScriptBuildPhase section */

/* Begin PBXSourcesBuildPhase section */
		2F30AB1E264E7A0E00D7E137 /* Sources */ = {
			isa = PBXSourcesBuildPhase;
			buildActionMask = 2147483647;
			files = (
				2F30AB25264E7A0E00D7E137 /* ShareViewController.swift in Sources */,
			);
			runOnlyForDeploymentPostprocessing = 0;
		};
		2FF4C5D3263FB0100039F90A /* Sources */ = {
			isa = PBXSourcesBuildPhase;
			buildActionMask = 2147483647;
			files = (
				2F9AF9DB26540A63005537EF /* WinnerView.swift in Sources */,
				2F9AF9CA26540064005537EF /* App.swift in Sources */,
				2F7FFD8C264A6815008E54CF /* MainView.swift in Sources */,
				2FF4C5DD263FB0100039F90A /* StagingView.swift in Sources */,
				2F7FFD94264A6A0E008E54CF /* ChallengeView.swift in Sources */,
				2F7FFD87264A66D6008E54CF /* NavigationPage.swift in Sources */,
				2F357BFC264BE618009E6BDE /* ImagePicker.swift in Sources */,
				2FF4C5DB263FB0100039F90A /* PicChallengeApp.swift in Sources */,
				2F357C06264DEECA009E6BDE /* Pickable.swift in Sources */,
				2FB0AAF52650CA89009D7CD9 /* StagedPhoto.swift in Sources */,
				2F2BEB982642BD5800EDBE28 /* Constants.swift in Sources */,
			);
			runOnlyForDeploymentPostprocessing = 0;
		};
		2FF4C5E4263FB0100039F90A /* Sources */ = {
			isa = PBXSourcesBuildPhase;
			buildActionMask = 2147483647;
			files = (
				2FF4C5ED263FB0100039F90A /* PicChallengeTests.swift in Sources */,
			);
			runOnlyForDeploymentPostprocessing = 0;
		};
		2FF4C5EF263FB0110039F90A /* Sources */ = {
			isa = PBXSourcesBuildPhase;
			buildActionMask = 2147483647;
			files = (
				2FF4C5F8263FB0110039F90A /* PicChallengeUITests.swift in Sources */,
			);
			runOnlyForDeploymentPostprocessing = 0;
		};
/* End PBXSourcesBuildPhase section */

/* Begin PBXTargetDependency section */
		2F30AB2B264E7A0E00D7E137 /* PBXTargetDependency */ = {
			isa = PBXTargetDependency;
			target = 2F30AB21264E7A0E00D7E137 /* PicChallengeShare */;
			targetProxy = 2F30AB2A264E7A0E00D7E137 /* PBXContainerItemProxy */;
		};
		2FF4C5EA263FB0100039F90A /* PBXTargetDependency */ = {
			isa = PBXTargetDependency;
			target = 2FF4C5D6263FB0100039F90A /* PicChallenge */;
			targetProxy = 2FF4C5E9263FB0100039F90A /* PBXContainerItemProxy */;
		};
		2FF4C5F5263FB0110039F90A /* PBXTargetDependency */ = {
			isa = PBXTargetDependency;
			target = 2FF4C5D6263FB0100039F90A /* PicChallenge */;
			targetProxy = 2FF4C5F4263FB0110039F90A /* PBXContainerItemProxy */;
		};
/* End PBXTargetDependency section */

/* Begin XCBuildConfiguration section */
		2F30AB2E264E7A0E00D7E137 /* Debug */ = {
			isa = XCBuildConfiguration;
			buildSettings = {
				CODE_SIGN_ENTITLEMENTS = PicChallengeShare/PicChallengeShare.entitlements;
				CODE_SIGN_STYLE = Automatic;
				DEVELOPMENT_TEAM = LQDASF64MT;
				INFOPLIST_FILE = PicChallengeShare/Info.plist;
				LD_RUNPATH_SEARCH_PATHS = (
					"$(inherited)",
					"@executable_path/Frameworks",
					"@executable_path/../../Frameworks",
				);
				PRODUCT_BUNDLE_IDENTIFIER = dev.feuer.PicChallenge.PicChallengeShare;
				PRODUCT_NAME = "$(TARGET_NAME)";
				SKIP_INSTALL = YES;
				SWIFT_VERSION = 5.0;
				TARGETED_DEVICE_FAMILY = "1,2";
			};
			name = Debug;
		};
		2F30AB2F264E7A0E00D7E137 /* Release */ = {
			isa = XCBuildConfiguration;
			buildSettings = {
				CODE_SIGN_ENTITLEMENTS = PicChallengeShare/PicChallengeShare.entitlements;
				CODE_SIGN_STYLE = Automatic;
				DEVELOPMENT_TEAM = LQDASF64MT;
				INFOPLIST_FILE = PicChallengeShare/Info.plist;
				LD_RUNPATH_SEARCH_PATHS = (
					"$(inherited)",
					"@executable_path/Frameworks",
					"@executable_path/../../Frameworks",
				);
				PRODUCT_BUNDLE_IDENTIFIER = dev.feuer.PicChallenge.PicChallengeShare;
				PRODUCT_NAME = "$(TARGET_NAME)";
				SKIP_INSTALL = YES;
				SWIFT_VERSION = 5.0;
				TARGETED_DEVICE_FAMILY = "1,2";
			};
			name = Release;
		};
		2FF4C5FA263FB0110039F90A /* Debug */ = {
			isa = XCBuildConfiguration;
			buildSettings = {
				ALWAYS_SEARCH_USER_PATHS = NO;
				CLANG_ANALYZER_NONNULL = YES;
				CLANG_ANALYZER_NUMBER_OBJECT_CONVERSION = YES_AGGRESSIVE;
				CLANG_CXX_LANGUAGE_STANDARD = "gnu++14";
				CLANG_CXX_LIBRARY = "libc++";
				CLANG_ENABLE_MODULES = YES;
				CLANG_ENABLE_OBJC_ARC = YES;
				CLANG_ENABLE_OBJC_WEAK = YES;
				CLANG_WARN_BLOCK_CAPTURE_AUTORELEASING = YES;
				CLANG_WARN_BOOL_CONVERSION = YES;
				CLANG_WARN_COMMA = YES;
				CLANG_WARN_CONSTANT_CONVERSION = YES;
				CLANG_WARN_DEPRECATED_OBJC_IMPLEMENTATIONS = YES;
				CLANG_WARN_DIRECT_OBJC_ISA_USAGE = YES_ERROR;
				CLANG_WARN_DOCUMENTATION_COMMENTS = YES;
				CLANG_WARN_EMPTY_BODY = YES;
				CLANG_WARN_ENUM_CONVERSION = YES;
				CLANG_WARN_INFINITE_RECURSION = YES;
				CLANG_WARN_INT_CONVERSION = YES;
				CLANG_WARN_NON_LITERAL_NULL_CONVERSION = YES;
				CLANG_WARN_OBJC_IMPLICIT_RETAIN_SELF = YES;
				CLANG_WARN_OBJC_LITERAL_CONVERSION = YES;
				CLANG_WARN_OBJC_ROOT_CLASS = YES_ERROR;
				CLANG_WARN_QUOTED_INCLUDE_IN_FRAMEWORK_HEADER = YES;
				CLANG_WARN_RANGE_LOOP_ANALYSIS = YES;
				CLANG_WARN_STRICT_PROTOTYPES = YES;
				CLANG_WARN_SUSPICIOUS_MOVE = YES;
				CLANG_WARN_UNGUARDED_AVAILABILITY = YES_AGGRESSIVE;
				CLANG_WARN_UNREACHABLE_CODE = YES;
				CLANG_WARN__DUPLICATE_METHOD_MATCH = YES;
				COPY_PHASE_STRIP = NO;
				DEBUG_INFORMATION_FORMAT = dwarf;
				ENABLE_STRICT_OBJC_MSGSEND = YES;
				ENABLE_TESTABILITY = YES;
				GCC_C_LANGUAGE_STANDARD = gnu11;
				GCC_DYNAMIC_NO_PIC = NO;
				GCC_NO_COMMON_BLOCKS = YES;
				GCC_OPTIMIZATION_LEVEL = 0;
				GCC_PREPROCESSOR_DEFINITIONS = (
					"DEBUG=1",
					"$(inherited)",
				);
				GCC_WARN_64_TO_32_BIT_CONVERSION = YES;
				GCC_WARN_ABOUT_RETURN_TYPE = YES_ERROR;
				GCC_WARN_UNDECLARED_SELECTOR = YES;
				GCC_WARN_UNINITIALIZED_AUTOS = YES_AGGRESSIVE;
				GCC_WARN_UNUSED_FUNCTION = YES;
				GCC_WARN_UNUSED_VARIABLE = YES;
				IPHONEOS_DEPLOYMENT_TARGET = 14.4;
				MTL_ENABLE_DEBUG_INFO = INCLUDE_SOURCE;
				MTL_FAST_MATH = YES;
				ONLY_ACTIVE_ARCH = YES;
				SDKROOT = iphoneos;
				SWIFT_ACTIVE_COMPILATION_CONDITIONS = DEBUG;
				SWIFT_OPTIMIZATION_LEVEL = "-Onone";
			};
			name = Debug;
		};
		2FF4C5FB263FB0110039F90A /* Release */ = {
			isa = XCBuildConfiguration;
			buildSettings = {
				ALWAYS_SEARCH_USER_PATHS = NO;
				CLANG_ANALYZER_NONNULL = YES;
				CLANG_ANALYZER_NUMBER_OBJECT_CONVERSION = YES_AGGRESSIVE;
				CLANG_CXX_LANGUAGE_STANDARD = "gnu++14";
				CLANG_CXX_LIBRARY = "libc++";
				CLANG_ENABLE_MODULES = YES;
				CLANG_ENABLE_OBJC_ARC = YES;
				CLANG_ENABLE_OBJC_WEAK = YES;
				CLANG_WARN_BLOCK_CAPTURE_AUTORELEASING = YES;
				CLANG_WARN_BOOL_CONVERSION = YES;
				CLANG_WARN_COMMA = YES;
				CLANG_WARN_CONSTANT_CONVERSION = YES;
				CLANG_WARN_DEPRECATED_OBJC_IMPLEMENTATIONS = YES;
				CLANG_WARN_DIRECT_OBJC_ISA_USAGE = YES_ERROR;
				CLANG_WARN_DOCUMENTATION_COMMENTS = YES;
				CLANG_WARN_EMPTY_BODY = YES;
				CLANG_WARN_ENUM_CONVERSION = YES;
				CLANG_WARN_INFINITE_RECURSION = YES;
				CLANG_WARN_INT_CONVERSION = YES;
				CLANG_WARN_NON_LITERAL_NULL_CONVERSION = YES;
				CLANG_WARN_OBJC_IMPLICIT_RETAIN_SELF = YES;
				CLANG_WARN_OBJC_LITERAL_CONVERSION = YES;
				CLANG_WARN_OBJC_ROOT_CLASS = YES_ERROR;
				CLANG_WARN_QUOTED_INCLUDE_IN_FRAMEWORK_HEADER = YES;
				CLANG_WARN_RANGE_LOOP_ANALYSIS = YES;
				CLANG_WARN_STRICT_PROTOTYPES = YES;
				CLANG_WARN_SUSPICIOUS_MOVE = YES;
				CLANG_WARN_UNGUARDED_AVAILABILITY = YES_AGGRESSIVE;
				CLANG_WARN_UNREACHABLE_CODE = YES;
				CLANG_WARN__DUPLICATE_METHOD_MATCH = YES;
				COPY_PHASE_STRIP = NO;
				DEBUG_INFORMATION_FORMAT = "dwarf-with-dsym";
				ENABLE_NS_ASSERTIONS = NO;
				ENABLE_STRICT_OBJC_MSGSEND = YES;
				GCC_C_LANGUAGE_STANDARD = gnu11;
				GCC_NO_COMMON_BLOCKS = YES;
				GCC_WARN_64_TO_32_BIT_CONVERSION = YES;
				GCC_WARN_ABOUT_RETURN_TYPE = YES_ERROR;
				GCC_WARN_UNDECLARED_SELECTOR = YES;
				GCC_WARN_UNINITIALIZED_AUTOS = YES_AGGRESSIVE;
				GCC_WARN_UNUSED_FUNCTION = YES;
				GCC_WARN_UNUSED_VARIABLE = YES;
				IPHONEOS_DEPLOYMENT_TARGET = 14.4;
				MTL_ENABLE_DEBUG_INFO = NO;
				MTL_FAST_MATH = YES;
				SDKROOT = iphoneos;
				SWIFT_COMPILATION_MODE = wholemodule;
				SWIFT_OPTIMIZATION_LEVEL = "-O";
				VALIDATE_PRODUCT = YES;
			};
			name = Release;
		};
		2FF4C5FD263FB0110039F90A /* Debug */ = {
			isa = XCBuildConfiguration;
			baseConfigurationReference = 384302F3B2BBBAA32C88AF51 /* Pods-PicChallenge.debug.xcconfig */;
			buildSettings = {
				ALWAYS_EMBED_SWIFT_STANDARD_LIBRARIES = YES;
				ASSETCATALOG_COMPILER_APPICON_NAME = AppIcon;
				ASSETCATALOG_COMPILER_GLOBAL_ACCENT_COLOR_NAME = AccentColor;
				CODE_SIGN_ENTITLEMENTS = PicChallenge/Main/PicChallenge.entitlements;
				CODE_SIGN_IDENTITY = "Apple Development";
				CODE_SIGN_STYLE = Automatic;
				DEVELOPMENT_ASSET_PATHS = "\"PicChallenge/Preview Content\"";
				DEVELOPMENT_TEAM = LQDASF64MT;
				ENABLE_PREVIEWS = YES;
				INFOPLIST_FILE = PicChallenge/Main/Info.plist;
				IPHONEOS_DEPLOYMENT_TARGET = 14.0;
				LD_RUNPATH_SEARCH_PATHS = (
					"$(inherited)",
					"@executable_path/Frameworks",
				);
				PRODUCT_BUNDLE_IDENTIFIER = dev.feuer.PicChallenge;
				PRODUCT_NAME = "$(TARGET_NAME)";
				PROVISIONING_PROFILE_SPECIFIER = "";
				SWIFT_VERSION = 5.0;
				TARGETED_DEVICE_FAMILY = "1,2";
			};
			name = Debug;
		};
		2FF4C5FE263FB0110039F90A /* Release */ = {
			isa = XCBuildConfiguration;
			baseConfigurationReference = 846BCE2AA5F89B0F1073FD82 /* Pods-PicChallenge.release.xcconfig */;
			buildSettings = {
				ALWAYS_EMBED_SWIFT_STANDARD_LIBRARIES = YES;
				ASSETCATALOG_COMPILER_APPICON_NAME = AppIcon;
				ASSETCATALOG_COMPILER_GLOBAL_ACCENT_COLOR_NAME = AccentColor;
				CODE_SIGN_ENTITLEMENTS = PicChallenge/Main/PicChallenge.entitlements;
				CODE_SIGN_IDENTITY = "Apple Development";
				CODE_SIGN_STYLE = Automatic;
				DEVELOPMENT_ASSET_PATHS = "\"PicChallenge/Preview Content\"";
				DEVELOPMENT_TEAM = LQDASF64MT;
				ENABLE_PREVIEWS = YES;
				INFOPLIST_FILE = PicChallenge/Main/Info.plist;
				IPHONEOS_DEPLOYMENT_TARGET = 14.0;
				LD_RUNPATH_SEARCH_PATHS = (
					"$(inherited)",
					"@executable_path/Frameworks",
				);
				PRODUCT_BUNDLE_IDENTIFIER = dev.feuer.PicChallenge;
				PRODUCT_NAME = "$(TARGET_NAME)";
				PROVISIONING_PROFILE_SPECIFIER = "";
				SWIFT_VERSION = 5.0;
				TARGETED_DEVICE_FAMILY = "1,2";
			};
			name = Release;
		};
		2FF4C600263FB0110039F90A /* Debug */ = {
			isa = XCBuildConfiguration;
			baseConfigurationReference = A065B8E7B55C75DF11ADF227 /* Pods-PicChallengeTests.debug.xcconfig */;
			buildSettings = {
				ALWAYS_EMBED_SWIFT_STANDARD_LIBRARIES = YES;
				BUNDLE_LOADER = "$(TEST_HOST)";
				CODE_SIGN_STYLE = Automatic;
				DEVELOPMENT_TEAM = LQDASF64MT;
				INFOPLIST_FILE = PicChallengeTests/Info.plist;
				IPHONEOS_DEPLOYMENT_TARGET = 14.0;
				LD_RUNPATH_SEARCH_PATHS = (
					"$(inherited)",
					"@executable_path/Frameworks",
					"@loader_path/Frameworks",
				);
				PRODUCT_BUNDLE_IDENTIFIER = dev.feuer.PicChallengeTests;
				PRODUCT_NAME = "$(TARGET_NAME)";
				SWIFT_VERSION = 5.0;
				TARGETED_DEVICE_FAMILY = "1,2";
				TEST_HOST = "$(BUILT_PRODUCTS_DIR)/PicChallenge.app/PicChallenge";
			};
			name = Debug;
		};
		2FF4C601263FB0110039F90A /* Release */ = {
			isa = XCBuildConfiguration;
			baseConfigurationReference = 45BE53DE06D26C54B332106E /* Pods-PicChallengeTests.release.xcconfig */;
			buildSettings = {
				ALWAYS_EMBED_SWIFT_STANDARD_LIBRARIES = YES;
				BUNDLE_LOADER = "$(TEST_HOST)";
				CODE_SIGN_STYLE = Automatic;
				DEVELOPMENT_TEAM = LQDASF64MT;
				INFOPLIST_FILE = PicChallengeTests/Info.plist;
				IPHONEOS_DEPLOYMENT_TARGET = 14.0;
				LD_RUNPATH_SEARCH_PATHS = (
					"$(inherited)",
					"@executable_path/Frameworks",
					"@loader_path/Frameworks",
				);
				PRODUCT_BUNDLE_IDENTIFIER = dev.feuer.PicChallengeTests;
				PRODUCT_NAME = "$(TARGET_NAME)";
				SWIFT_VERSION = 5.0;
				TARGETED_DEVICE_FAMILY = "1,2";
				TEST_HOST = "$(BUILT_PRODUCTS_DIR)/PicChallenge.app/PicChallenge";
			};
			name = Release;
		};
		2FF4C603263FB0110039F90A /* Debug */ = {
			isa = XCBuildConfiguration;
			baseConfigurationReference = DF3ADE57783E60056834D0B3 /* Pods-PicChallenge-PicChallengeUITests.debug.xcconfig */;
			buildSettings = {
				ALWAYS_EMBED_SWIFT_STANDARD_LIBRARIES = YES;
				CODE_SIGN_STYLE = Automatic;
				DEVELOPMENT_TEAM = LQDASF64MT;
				INFOPLIST_FILE = PicChallengeUITests/Info.plist;
				LD_RUNPATH_SEARCH_PATHS = (
					"$(inherited)",
					"@executable_path/Frameworks",
					"@loader_path/Frameworks",
				);
				PRODUCT_BUNDLE_IDENTIFIER = dev.feuer.PicChallengeUITests;
				PRODUCT_NAME = "$(TARGET_NAME)";
				SWIFT_VERSION = 5.0;
				TARGETED_DEVICE_FAMILY = "1,2";
				TEST_TARGET_NAME = PicChallenge;
			};
			name = Debug;
		};
		2FF4C604263FB0110039F90A /* Release */ = {
			isa = XCBuildConfiguration;
			baseConfigurationReference = 50E3D00C0606C45555DC02BA /* Pods-PicChallenge-PicChallengeUITests.release.xcconfig */;
			buildSettings = {
				ALWAYS_EMBED_SWIFT_STANDARD_LIBRARIES = YES;
				CODE_SIGN_STYLE = Automatic;
				DEVELOPMENT_TEAM = LQDASF64MT;
				INFOPLIST_FILE = PicChallengeUITests/Info.plist;
				LD_RUNPATH_SEARCH_PATHS = (
					"$(inherited)",
					"@executable_path/Frameworks",
					"@loader_path/Frameworks",
				);
				PRODUCT_BUNDLE_IDENTIFIER = dev.feuer.PicChallengeUITests;
				PRODUCT_NAME = "$(TARGET_NAME)";
				SWIFT_VERSION = 5.0;
				TARGETED_DEVICE_FAMILY = "1,2";
				TEST_TARGET_NAME = PicChallenge;
			};
			name = Release;
		};
/* End XCBuildConfiguration section */

/* Begin XCConfigurationList section */
		2F30AB2D264E7A0E00D7E137 /* Build configuration list for PBXNativeTarget "PicChallengeShare" */ = {
			isa = XCConfigurationList;
			buildConfigurations = (
				2F30AB2E264E7A0E00D7E137 /* Debug */,
				2F30AB2F264E7A0E00D7E137 /* Release */,
			);
			defaultConfigurationIsVisible = 0;
			defaultConfigurationName = Release;
		};
		2FF4C5D2263FB0100039F90A /* Build configuration list for PBXProject "PicChallenge" */ = {
			isa = XCConfigurationList;
			buildConfigurations = (
				2FF4C5FA263FB0110039F90A /* Debug */,
				2FF4C5FB263FB0110039F90A /* Release */,
			);
			defaultConfigurationIsVisible = 0;
			defaultConfigurationName = Release;
		};
		2FF4C5FC263FB0110039F90A /* Build configuration list for PBXNativeTarget "PicChallenge" */ = {
			isa = XCConfigurationList;
			buildConfigurations = (
				2FF4C5FD263FB0110039F90A /* Debug */,
				2FF4C5FE263FB0110039F90A /* Release */,
			);
			defaultConfigurationIsVisible = 0;
			defaultConfigurationName = Release;
		};
		2FF4C5FF263FB0110039F90A /* Build configuration list for PBXNativeTarget "PicChallengeTests" */ = {
			isa = XCConfigurationList;
			buildConfigurations = (
				2FF4C600263FB0110039F90A /* Debug */,
				2FF4C601263FB0110039F90A /* Release */,
			);
			defaultConfigurationIsVisible = 0;
			defaultConfigurationName = Release;
		};
		2FF4C602263FB0110039F90A /* Build configuration list for PBXNativeTarget "PicChallengeUITests" */ = {
			isa = XCConfigurationList;
			buildConfigurations = (
				2FF4C603263FB0110039F90A /* Debug */,
				2FF4C604263FB0110039F90A /* Release */,
			);
			defaultConfigurationIsVisible = 0;
			defaultConfigurationName = Release;
		};
/* End XCConfigurationList section */
	};
	rootObject = 2FF4C5CF263FB0100039F90A /* Project object */;
}
